// !$*UTF8*$!
{
	archiveVersion = 1;
	classes = {
	};
	objectVersion = 56;
	objects = {

/* Begin PBXBuildFile section */
		D69EB4572C88DA9D00539D70 /* SignUpPageApp.swift in Sources */ = {isa = PBXBuildFile; fileRef = D69EB4562C88DA9D00539D70 /* SignUpPageApp.swift */; };
		D69EB4592C88DA9D00539D70 /* ContentView.swift in Sources */ = {isa = PBXBuildFile; fileRef = D69EB4582C88DA9D00539D70 /* ContentView.swift */; };
		D69EB45B2C88DA9F00539D70 /* Assets.xcassets in Resources */ = {isa = PBXBuildFile; fileRef = D69EB45A2C88DA9F00539D70 /* Assets.xcassets */; };
		D69EB45E2C88DA9F00539D70 /* Preview Assets.xcassets in Resources */ = {isa = PBXBuildFile; fileRef = D69EB45D2C88DA9F00539D70 /* Preview Assets.xcassets */; };
		D69EB4682C88DA9F00539D70 /* SignUpPageTests.swift in Sources */ = {isa = PBXBuildFile; fileRef = D69EB4672C88DA9F00539D70 /* SignUpPageTests.swift */; };
		D69EB4722C88DA9F00539D70 /* SignUpPageUITests.swift in Sources */ = {isa = PBXBuildFile; fileRef = D69EB4712C88DA9F00539D70 /* SignUpPageUITests.swift */; };
		D69EB4742C88DA9F00539D70 /* SignUpPageUITestsLaunchTests.swift in Sources */ = {isa = PBXBuildFile; fileRef = D69EB4732C88DA9F00539D70 /* SignUpPageUITestsLaunchTests.swift */; };
/* End PBXBuildFile section */

/* Begin PBXContainerItemProxy section */
		D69EB4642C88DA9F00539D70 /* PBXContainerItemProxy */ = {
			isa = PBXContainerItemProxy;
			containerPortal = D69EB44B2C88DA9D00539D70 /* Project object */;
			proxyType = 1;
			remoteGlobalIDString = D69EB4522C88DA9D00539D70;
			remoteInfo = SignUpPage;
		};
		D69EB46E2C88DA9F00539D70 /* PBXContainerItemProxy */ = {
			isa = PBXContainerItemProxy;
			containerPortal = D69EB44B2C88DA9D00539D70 /* Project object */;
			proxyType = 1;
			remoteGlobalIDString = D69EB4522C88DA9D00539D70;
			remoteInfo = SignUpPage;
		};
/* End PBXContainerItemProxy section */

/* Begin PBXFileReference section */
		D69EB4532C88DA9D00539D70 /* SignUpPage.app */ = {isa = PBXFileReference; explicitFileType = wrapper.application; includeInIndex = 0; path = SignUpPage.app; sourceTree = BUILT_PRODUCTS_DIR; };
		D69EB4562C88DA9D00539D70 /* SignUpPageApp.swift */ = {isa = PBXFileReference; lastKnownFileType = sourcecode.swift; path = SignUpPageApp.swift; sourceTree = "<group>"; };
		D69EB4582C88DA9D00539D70 /* ContentView.swift */ = {isa = PBXFileReference; lastKnownFileType = sourcecode.swift; path = ContentView.swift; sourceTree = "<group>"; };
		D69EB45A2C88DA9F00539D70 /* Assets.xcassets */ = {isa = PBXFileReference; lastKnownFileType = folder.assetcatalog; path = Assets.xcassets; sourceTree = "<group>"; };
		D69EB45D2C88DA9F00539D70 /* Preview Assets.xcassets */ = {isa = PBXFileReference; lastKnownFileType = folder.assetcatalog; path = "Preview Assets.xcassets"; sourceTree = "<group>"; };
		D69EB4632C88DA9F00539D70 /* SignUpPageTests.xctest */ = {isa = PBXFileReference; explicitFileType = wrapper.cfbundle; includeInIndex = 0; path = SignUpPageTests.xctest; sourceTree = BUILT_PRODUCTS_DIR; };
		D69EB4672C88DA9F00539D70 /* SignUpPageTests.swift */ = {isa = PBXFileReference; lastKnownFileType = sourcecode.swift; path = SignUpPageTests.swift; sourceTree = "<group>"; };
		D69EB46D2C88DA9F00539D70 /* SignUpPageUITests.xctest */ = {isa = PBXFileReference; explicitFileType = wrapper.cfbundle; includeInIndex = 0; path = SignUpPageUITests.xctest; sourceTree = BUILT_PRODUCTS_DIR; };
		D69EB4712C88DA9F00539D70 /* SignUpPageUITests.swift */ = {isa = PBXFileReference; lastKnownFileType = sourcecode.swift; path = SignUpPageUITests.swift; sourceTree = "<group>"; };
		D69EB4732C88DA9F00539D70 /* SignUpPageUITestsLaunchTests.swift */ = {isa = PBXFileReference; lastKnownFileType = sourcecode.swift; path = SignUpPageUITestsLaunchTests.swift; sourceTree = "<group>"; };
/* End PBXFileReference section */

/* Begin PBXFrameworksBuildPhase section */
		D69EB4502C88DA9D00539D70 /* Frameworks */ = {
			isa = PBXFrameworksBuildPhase;
			buildActionMask = 2147483647;
			files = (
			);
			runOnlyForDeploymentPostprocessing = 0;
		};
		D69EB4602C88DA9F00539D70 /* Frameworks */ = {
			isa = PBXFrameworksBuildPhase;
			buildActionMask = 2147483647;
			files = (
			);
			runOnlyForDeploymentPostprocessing = 0;
		};
		D69EB46A2C88DA9F00539D70 /* Frameworks */ = {
			isa = PBXFrameworksBuildPhase;
			buildActionMask = 2147483647;
			files = (
			);
			runOnlyForDeploymentPostprocessing = 0;
		};
/* End PBXFrameworksBuildPhase section */

/* Begin PBXGroup section */
		D69EB44A2C88DA9D00539D70 = {
			isa = PBXGroup;
			children = (
				D69EB4552C88DA9D00539D70 /* SignUpPage */,
				D69EB4662C88DA9F00539D70 /* SignUpPageTests */,
				D69EB4702C88DA9F00539D70 /* SignUpPageUITests */,
				D69EB4542C88DA9D00539D70 /* Products */,
			);
			sourceTree = "<group>";
		};
		D69EB4542C88DA9D00539D70 /* Products */ = {
			isa = PBXGroup;
			children = (
				D69EB4532C88DA9D00539D70 /* SignUpPage.app */,
				D69EB4632C88DA9F00539D70 /* SignUpPageTests.xctest */,
				D69EB46D2C88DA9F00539D70 /* SignUpPageUITests.xctest */,
			);
			name = Products;
			sourceTree = "<group>";
		};
		D69EB4552C88DA9D00539D70 /* SignUpPage */ = {
			isa = PBXGroup;
			children = (
				D69EB4562C88DA9D00539D70 /* SignUpPageApp.swift */,
				D69EB4582C88DA9D00539D70 /* ContentView.swift */,
				D69EB45A2C88DA9F00539D70 /* Assets.xcassets */,
				D69EB45C2C88DA9F00539D70 /* Preview Content */,
			);
			path = SignUpPage;
			sourceTree = "<group>";
		};
		D69EB45C2C88DA9F00539D70 /* Preview Content */ = {
			isa = PBXGroup;
			children = (
				D69EB45D2C88DA9F00539D70 /* Preview Assets.xcassets */,
			);
			path = "Preview Content";
			sourceTree = "<group>";
		};
		D69EB4662C88DA9F00539D70 /* SignUpPageTests */ = {
			isa = PBXGroup;
			children = (
				D69EB4672C88DA9F00539D70 /* SignUpPageTests.swift */,
			);
			path = SignUpPageTests;
			sourceTree = "<group>";
		};
		D69EB4702C88DA9F00539D70 /* SignUpPageUITests */ = {
			isa = PBXGroup;
			children = (
				D69EB4712C88DA9F00539D70 /* SignUpPageUITests.swift */,
				D69EB4732C88DA9F00539D70 /* SignUpPageUITestsLaunchTests.swift */,
			);
			path = SignUpPageUITests;
			sourceTree = "<group>";
		};
/* End PBXGroup section */

/* Begin PBXNativeTarget section */
		D69EB4522C88DA9D00539D70 /* SignUpPage */ = {
			isa = PBXNativeTarget;
			buildConfigurationList = D69EB4772C88DA9F00539D70 /* Build configuration list for PBXNativeTarget "SignUpPage" */;
			buildPhases = (
				D69EB44F2C88DA9D00539D70 /* Sources */,
				D69EB4502C88DA9D00539D70 /* Frameworks */,
				D69EB4512C88DA9D00539D70 /* Resources */,
			);
			buildRules = (
			);
			dependencies = (
			);
			name = SignUpPage;
			productName = SignUpPage;
			productReference = D69EB4532C88DA9D00539D70 /* SignUpPage.app */;
			productType = "com.apple.product-type.application";
		};
		D69EB4622C88DA9F00539D70 /* SignUpPageTests */ = {
			isa = PBXNativeTarget;
			buildConfigurationList = D69EB47A2C88DA9F00539D70 /* Build configuration list for PBXNativeTarget "SignUpPageTests" */;
			buildPhases = (
				D69EB45F2C88DA9F00539D70 /* Sources */,
				D69EB4602C88DA9F00539D70 /* Frameworks */,
				D69EB4612C88DA9F00539D70 /* Resources */,
			);
			buildRules = (
			);
			dependencies = (
				D69EB4652C88DA9F00539D70 /* PBXTargetDependency */,
			);
			name = SignUpPageTests;
			productName = SignUpPageTests;
			productReference = D69EB4632C88DA9F00539D70 /* SignUpPageTests.xctest */;
			productType = "com.apple.product-type.bundle.unit-test";
		};
		D69EB46C2C88DA9F00539D70 /* SignUpPageUITests */ = {
			isa = PBXNativeTarget;
			buildConfigurationList = D69EB47D2C88DA9F00539D70 /* Build configuration list for PBXNativeTarget "SignUpPageUITests" */;
			buildPhases = (
				D69EB4692C88DA9F00539D70 /* Sources */,
				D69EB46A2C88DA9F00539D70 /* Frameworks */,
				D69EB46B2C88DA9F00539D70 /* Resources */,
			);
			buildRules = (
			);
			dependencies = (
				D69EB46F2C88DA9F00539D70 /* PBXTargetDependency */,
			);
			name = SignUpPageUITests;
			productName = SignUpPageUITests;
			productReference = D69EB46D2C88DA9F00539D70 /* SignUpPageUITests.xctest */;
			productType = "com.apple.product-type.bundle.ui-testing";
		};
/* End PBXNativeTarget section */

/* Begin PBXProject section */
		D69EB44B2C88DA9D00539D70 /* Project object */ = {
			isa = PBXProject;
			attributes = {
				BuildIndependentTargetsInParallel = 1;
				LastSwiftUpdateCheck = 1540;
				LastUpgradeCheck = 1540;
				TargetAttributes = {
					D69EB4522C88DA9D00539D70 = {
						CreatedOnToolsVersion = 15.4;
					};
					D69EB4622C88DA9F00539D70 = {
						CreatedOnToolsVersion = 15.4;
						TestTargetID = D69EB4522C88DA9D00539D70;
					};
					D69EB46C2C88DA9F00539D70 = {
						CreatedOnToolsVersion = 15.4;
						TestTargetID = D69EB4522C88DA9D00539D70;
					};
				};
			};
			buildConfigurationList = D69EB44E2C88DA9D00539D70 /* Build configuration list for PBXProject "SignUpPage" */;
			compatibilityVersion = "Xcode 14.0";
			developmentRegion = en;
			hasScannedForEncodings = 0;
			knownRegions = (
				en,
				Base,
			);
			mainGroup = D69EB44A2C88DA9D00539D70;
			productRefGroup = D69EB4542C88DA9D00539D70 /* Products */;
			projectDirPath = "";
			projectRoot = "";
			targets = (
				D69EB4522C88DA9D00539D70 /* SignUpPage */,
				D69EB4622C88DA9F00539D70 /* SignUpPageTests */,
				D69EB46C2C88DA9F00539D70 /* SignUpPageUITests */,
			);
		};
/* End PBXProject section */

/* Begin PBXResourcesBuildPhase section */
		D69EB4512C88DA9D00539D70 /* Resources */ = {
			isa = PBXResourcesBuildPhase;
			buildActionMask = 2147483647;
			files = (
				D69EB45E2C88DA9F00539D70 /* Preview Assets.xcassets in Resources */,
				D69EB45B2C88DA9F00539D70 /* Assets.xcassets in Resources */,
			);
			runOnlyForDeploymentPostprocessing = 0;
		};
		D69EB4612C88DA9F00539D70 /* Resources */ = {
			isa = PBXResourcesBuildPhase;
			buildActionMask = 2147483647;
			files = (
			);
			runOnlyForDeploymentPostprocessing = 0;
		};
		D69EB46B2C88DA9F00539D70 /* Resources */ = {
			isa = PBXResourcesBuildPhase;
			buildActionMask = 2147483647;
			files = (
			);
			runOnlyForDeploymentPostprocessing = 0;
		};
/* End PBXResourcesBuildPhase section */

/* Begin PBXSourcesBuildPhase section */
		D69EB44F2C88DA9D00539D70 /* Sources */ = {
			isa = PBXSourcesBuildPhase;
			buildActionMask = 2147483647;
			files = (
				D69EB4592C88DA9D00539D70 /* ContentView.swift in Sources */,
				D69EB4572C88DA9D00539D70 /* SignUpPageApp.swift in Sources */,
			);
			runOnlyForDeploymentPostprocessing = 0;
		};
		D69EB45F2C88DA9F00539D70 /* Sources */ = {
			isa = PBXSourcesBuildPhase;
			buildActionMask = 2147483647;
			files = (
				D69EB4682C88DA9F00539D70 /* SignUpPageTests.swift in Sources */,
			);
			runOnlyForDeploymentPostprocessing = 0;
		};
		D69EB4692C88DA9F00539D70 /* Sources */ = {
			isa = PBXSourcesBuildPhase;
			buildActionMask = 2147483647;
			files = (
				D69EB4722C88DA9F00539D70 /* SignUpPageUITests.swift in Sources */,
				D69EB4742C88DA9F00539D70 /* SignUpPageUITestsLaunchTests.swift in Sources */,
			);
			runOnlyForDeploymentPostprocessing = 0;
		};
/* End PBXSourcesBuildPhase section */

/* Begin PBXTargetDependency section */
		D69EB4652C88DA9F00539D70 /* PBXTargetDependency */ = {
			isa = PBXTargetDependency;
			target = D69EB4522C88DA9D00539D70 /* SignUpPage */;
			targetProxy = D69EB4642C88DA9F00539D70 /* PBXContainerItemProxy */;
		};
		D69EB46F2C88DA9F00539D70 /* PBXTargetDependency */ = {
			isa = PBXTargetDependency;
			target = D69EB4522C88DA9D00539D70 /* SignUpPage */;
			targetProxy = D69EB46E2C88DA9F00539D70 /* PBXContainerItemProxy */;
		};
/* End PBXTargetDependency section */

/* Begin XCBuildConfiguration section */
		D69EB4752C88DA9F00539D70 /* Debug */ = {
			isa = XCBuildConfiguration;
			buildSettings = {
				ALWAYS_SEARCH_USER_PATHS = NO;
				ASSETCATALOG_COMPILER_GENERATE_SWIFT_ASSET_SYMBOL_EXTENSIONS = YES;
				CLANG_ANALYZER_NONNULL = YES;
				CLANG_ANALYZER_NUMBER_OBJECT_CONVERSION = YES_AGGRESSIVE;
				CLANG_CXX_LANGUAGE_STANDARD = "gnu++20";
				CLANG_ENABLE_MODULES = YES;
				CLANG_ENABLE_OBJC_ARC = YES;
				CLANG_ENABLE_OBJC_WEAK = YES;
				CLANG_WARN_BLOCK_CAPTURE_AUTORELEASING = YES;
				CLANG_WARN_BOOL_CONVERSION = YES;
				CLANG_WARN_COMMA = YES;
				CLANG_WARN_CONSTANT_CONVERSION = YES;
				CLANG_WARN_DEPRECATED_OBJC_IMPLEMENTATIONS = YES;
				CLANG_WARN_DIRECT_OBJC_ISA_USAGE = YES_ERROR;
				CLANG_WARN_DOCUMENTATION_COMMENTS = YES;
				CLANG_WARN_EMPTY_BODY = YES;
				CLANG_WARN_ENUM_CONVERSION = YES;
				CLANG_WARN_INFINITE_RECURSION = YES;
				CLANG_WARN_INT_CONVERSION = YES;
				CLANG_WARN_NON_LITERAL_NULL_CONVERSION = YES;
				CLANG_WARN_OBJC_IMPLICIT_RETAIN_SELF = YES;
				CLANG_WARN_OBJC_LITERAL_CONVERSION = YES;
				CLANG_WARN_OBJC_ROOT_CLASS = YES_ERROR;
				CLANG_WARN_QUOTED_INCLUDE_IN_FRAMEWORK_HEADER = YES;
				CLANG_WARN_RANGE_LOOP_ANALYSIS = YES;
				CLANG_WARN_STRICT_PROTOTYPES = YES;
				CLANG_WARN_SUSPICIOUS_MOVE = YES;
				CLANG_WARN_UNGUARDED_AVAILABILITY = YES_AGGRESSIVE;
				CLANG_WARN_UNREACHABLE_CODE = YES;
				CLANG_WARN__DUPLICATE_METHOD_MATCH = YES;
				COPY_PHASE_STRIP = NO;
				DEBUG_INFORMATION_FORMAT = dwarf;
				ENABLE_STRICT_OBJC_MSGSEND = YES;
				ENABLE_TESTABILITY = YES;
				ENABLE_USER_SCRIPT_SANDBOXING = YES;
				GCC_C_LANGUAGE_STANDARD = gnu17;
				GCC_DYNAMIC_NO_PIC = NO;
				GCC_NO_COMMON_BLOCKS = YES;
				GCC_OPTIMIZATION_LEVEL = 0;
				GCC_PREPROCESSOR_DEFINITIONS = (
					"DEBUG=1",
					"$(inherited)",
				);
				GCC_WARN_64_TO_32_BIT_CONVERSION = YES;
				GCC_WARN_ABOUT_RETURN_TYPE = YES_ERROR;
				GCC_WARN_UNDECLARED_SELECTOR = YES;
				GCC_WARN_UNINITIALIZED_AUTOS = YES_AGGRESSIVE;
				GCC_WARN_UNUSED_FUNCTION = YES;
				GCC_WARN_UNUSED_VARIABLE = YES;
				IPHONEOS_DEPLOYMENT_TARGET = 17.5;
				LOCALIZATION_PREFERS_STRING_CATALOGS = YES;
				MTL_ENABLE_DEBUG_INFO = INCLUDE_SOURCE;
				MTL_FAST_MATH = YES;
				ONLY_ACTIVE_ARCH = YES;
				SDKROOT = iphoneos;
				SWIFT_ACTIVE_COMPILATION_CONDITIONS = "DEBUG $(inherited)";
				SWIFT_OPTIMIZATION_LEVEL = "-Onone";
			};
			name = Debug;
		};
		D69EB4762C88DA9F00539D70 /* Release */ = {
			isa = XCBuildConfiguration;
			buildSettings = {
				ALWAYS_SEARCH_USER_PATHS = NO;
				ASSETCATALOG_COMPILER_GENERATE_SWIFT_ASSET_SYMBOL_EXTENSIONS = YES;
				CLANG_ANALYZER_NONNULL = YES;
				CLANG_ANALYZER_NUMBER_OBJECT_CONVERSION = YES_AGGRESSIVE;
				CLANG_CXX_LANGUAGE_STANDARD = "gnu++20";
				CLANG_ENABLE_MODULES = YES;
				CLANG_ENABLE_OBJC_ARC = YES;
				CLANG_ENABLE_OBJC_WEAK = YES;
				CLANG_WARN_BLOCK_CAPTURE_AUTORELEASING = YES;
				CLANG_WARN_BOOL_CONVERSION = YES;
				CLANG_WARN_COMMA = YES;
				CLANG_WARN_CONSTANT_CONVERSION = YES;
				CLANG_WARN_DEPRECATED_OBJC_IMPLEMENTATIONS = YES;
				CLANG_WARN_DIRECT_OBJC_ISA_USAGE = YES_ERROR;
				CLANG_WARN_DOCUMENTATION_COMMENTS = YES;
				CLANG_WARN_EMPTY_BODY = YES;
				CLANG_WARN_ENUM_CONVERSION = YES;
				CLANG_WARN_INFINITE_RECURSION = YES;
				CLANG_WARN_INT_CONVERSION = YES;
				CLANG_WARN_NON_LITERAL_NULL_CONVERSION = YES;
				CLANG_WARN_OBJC_IMPLICIT_RETAIN_SELF = YES;
				CLANG_WARN_OBJC_LITERAL_CONVERSION = YES;
				CLANG_WARN_OBJC_ROOT_CLASS = YES_ERROR;
				CLANG_WARN_QUOTED_INCLUDE_IN_FRAMEWORK_HEADER = YES;
				CLANG_WARN_RANGE_LOOP_ANALYSIS = YES;
				CLANG_WARN_STRICT_PROTOTYPES = YES;
				CLANG_WARN_SUSPICIOUS_MOVE = YES;
				CLANG_WARN_UNGUARDED_AVAILABILITY = YES_AGGRESSIVE;
				CLANG_WARN_UNREACHABLE_CODE = YES;
				CLANG_WARN__DUPLICATE_METHOD_MATCH = YES;
				COPY_PHASE_STRIP = NO;
				DEBUG_INFORMATION_FORMAT = "dwarf-with-dsym";
				ENABLE_NS_ASSERTIONS = NO;
				ENABLE_STRICT_OBJC_MSGSEND = YES;
				ENABLE_USER_SCRIPT_SANDBOXING = YES;
				GCC_C_LANGUAGE_STANDARD = gnu17;
				GCC_NO_COMMON_BLOCKS = YES;
				GCC_WARN_64_TO_32_BIT_CONVERSION = YES;
				GCC_WARN_ABOUT_RETURN_TYPE = YES_ERROR;
				GCC_WARN_UNDECLARED_SELECTOR = YES;
				GCC_WARN_UNINITIALIZED_AUTOS = YES_AGGRESSIVE;
				GCC_WARN_UNUSED_FUNCTION = YES;
				GCC_WARN_UNUSED_VARIABLE = YES;
				IPHONEOS_DEPLOYMENT_TARGET = 17.5;
				LOCALIZATION_PREFERS_STRING_CATALOGS = YES;
				MTL_ENABLE_DEBUG_INFO = NO;
				MTL_FAST_MATH = YES;
				SDKROOT = iphoneos;
				SWIFT_COMPILATION_MODE = wholemodule;
				VALIDATE_PRODUCT = YES;
			};
			name = Release;
		};
		D69EB4782C88DA9F00539D70 /* Debug */ = {
			isa = XCBuildConfiguration;
			buildSettings = {
				ASSETCATALOG_COMPILER_APPICON_NAME = AppIcon;
				ASSETCATALOG_COMPILER_GLOBAL_ACCENT_COLOR_NAME = AccentColor;
				CODE_SIGN_STYLE = Automatic;
				CURRENT_PROJECT_VERSION = 1;
				DEVELOPMENT_ASSET_PATHS = "\"SignUpPage/Preview Content\"";
				ENABLE_PREVIEWS = YES;
				GENERATE_INFOPLIST_FILE = YES;
				INFOPLIST_KEY_UIApplicationSceneManifest_Generation = YES;
				INFOPLIST_KEY_UIApplicationSupportsIndirectInputEvents = YES;
				INFOPLIST_KEY_UILaunchScreen_Generation = YES;
				INFOPLIST_KEY_UISupportedInterfaceOrientations_iPad = "UIInterfaceOrientationPortrait UIInterfaceOrientationPortraitUpsideDown UIInterfaceOrientationLandscapeLeft UIInterfaceOrientationLandscapeRight";
				INFOPLIST_KEY_UISupportedInterfaceOrientations_iPhone = "UIInterfaceOrientationPortrait UIInterfaceOrientationLandscapeLeft UIInterfaceOrientationLandscapeRight";
				LD_RUNPATH_SEARCH_PATHS = (
					"$(inherited)",
					"@executable_path/Frameworks",
				);
				MARKETING_VERSION = 1.0;
				PRODUCT_BUNDLE_IDENTIFIER = k.SignUpPage;
				PRODUCT_NAME = "$(TARGET_NAME)";
				SWIFT_EMIT_LOC_STRINGS = YES;
				SWIFT_VERSION = 5.0;
				TARGETED_DEVICE_FAMILY = "1,2";
			};
			name = Debug;
		};
		D69EB4792C88DA9F00539D70 /* Release */ = {
			isa = XCBuildConfiguration;
			buildSettings = {
				ASSETCATALOG_COMPILER_APPICON_NAME = AppIcon;
				ASSETCATALOG_COMPILER_GLOBAL_ACCENT_COLOR_NAME = AccentColor;
				CODE_SIGN_STYLE = Automatic;
				CURRENT_PROJECT_VERSION = 1;
				DEVELOPMENT_ASSET_PATHS = "\"SignUpPage/Preview Content\"";
				ENABLE_PREVIEWS = YES;
				GENERATE_INFOPLIST_FILE = YES;
				INFOPLIST_KEY_UIApplicationSceneManifest_Generation = YES;
				INFOPLIST_KEY_UIApplicationSupportsIndirectInputEvents = YES;
				INFOPLIST_KEY_UILaunchScreen_Generation = YES;
				INFOPLIST_KEY_UISupportedInterfaceOrientations_iPad = "UIInterfaceOrientationPortrait UIInterfaceOrientationPortraitUpsideDown UIInterfaceOrientationLandscapeLeft UIInterfaceOrientationLandscapeRight";
				INFOPLIST_KEY_UISupportedInterfaceOrientations_iPhone = "UIInterfaceOrientationPortrait UIInterfaceOrientationLandscapeLeft UIInterfaceOrientationLandscapeRight";
				LD_RUNPATH_SEARCH_PATHS = (
					"$(inherited)",
					"@executable_path/Frameworks",
				);
				MARKETING_VERSION = 1.0;
				PRODUCT_BUNDLE_IDENTIFIER = k.SignUpPage;
				PRODUCT_NAME = "$(TARGET_NAME)";
				SWIFT_EMIT_LOC_STRINGS = YES;
				SWIFT_VERSION = 5.0;
				TARGETED_DEVICE_FAMILY = "1,2";
			};
			name = Release;
		};
		D69EB47B2C88DA9F00539D70 /* Debug */ = {
			isa = XCBuildConfiguration;
			buildSettings = {
				ALWAYS_EMBED_SWIFT_STANDARD_LIBRARIES = YES;
				BUNDLE_LOADER = "$(TEST_HOST)";
				CODE_SIGN_STYLE = Automatic;
				CURRENT_PROJECT_VERSION = 1;
				GENERATE_INFOPLIST_FILE = YES;
				IPHONEOS_DEPLOYMENT_TARGET = 17.5;
				MARKETING_VERSION = 1.0;
				PRODUCT_BUNDLE_IDENTIFIER = k.SignUpPageTests;
				PRODUCT_NAME = "$(TARGET_NAME)";
				SWIFT_EMIT_LOC_STRINGS = NO;
				SWIFT_VERSION = 5.0;
				TARGETED_DEVICE_FAMILY = "1,2";
				TEST_HOST = "$(BUILT_PRODUCTS_DIR)/SignUpPage.app/$(BUNDLE_EXECUTABLE_FOLDER_PATH)/SignUpPage";
			};
			name = Debug;
		};
		D69EB47C2C88DA9F00539D70 /* Release */ = {
			isa = XCBuildConfiguration;
			buildSettings = {
				ALWAYS_EMBED_SWIFT_STANDARD_LIBRARIES = YES;
				BUNDLE_LOADER = "$(TEST_HOST)";
				CODE_SIGN_STYLE = Automatic;
				CURRENT_PROJECT_VERSION = 1;
				GENERATE_INFOPLIST_FILE = YES;
				IPHONEOS_DEPLOYMENT_TARGET = 17.5;
				MARKETING_VERSION = 1.0;
				PRODUCT_BUNDLE_IDENTIFIER = k.SignUpPageTests;
				PRODUCT_NAME = "$(TARGET_NAME)";
				SWIFT_EMIT_LOC_STRINGS = NO;
				SWIFT_VERSION = 5.0;
				TARGETED_DEVICE_FAMILY = "1,2";
				TEST_HOST = "$(BUILT_PRODUCTS_DIR)/SignUpPage.app/$(BUNDLE_EXECUTABLE_FOLDER_PATH)/SignUpPage";
			};
			name = Release;
		};
		D69EB47E2C88DA9F00539D70 /* Debug */ = {
			isa = XCBuildConfiguration;
			buildSettings = {
				ALWAYS_EMBED_SWIFT_STANDARD_LIBRARIES = YES;
				CODE_SIGN_STYLE = Automatic;
				CURRENT_PROJECT_VERSION = 1;
				GENERATE_INFOPLIST_FILE = YES;
				MARKETING_VERSION = 1.0;
				PRODUCT_BUNDLE_IDENTIFIER = k.SignUpPageUITests;
				PRODUCT_NAME = "$(TARGET_NAME)";
				SWIFT_EMIT_LOC_STRINGS = NO;
				SWIFT_VERSION = 5.0;
				TARGETED_DEVICE_FAMILY = "1,2";
				TEST_TARGET_NAME = SignUpPage;
			};
			name = Debug;
		};
		D69EB47F2C88DA9F00539D70 /* Release */ = {
			isa = XCBuildConfiguration;
			buildSettings = {
				ALWAYS_EMBED_SWIFT_STANDARD_LIBRARIES = YES;
				CODE_SIGN_STYLE = Automatic;
				CURRENT_PROJECT_VERSION = 1;
				GENERATE_INFOPLIST_FILE = YES;
				MARKETING_VERSION = 1.0;
				PRODUCT_BUNDLE_IDENTIFIER = k.SignUpPageUITests;
				PRODUCT_NAME = "$(TARGET_NAME)";
				SWIFT_EMIT_LOC_STRINGS = NO;
				SWIFT_VERSION = 5.0;
				TARGETED_DEVICE_FAMILY = "1,2";
				TEST_TARGET_NAME = SignUpPage;
			};
			name = Release;
		};
/* End XCBuildConfiguration section */

/* Begin XCConfigurationList section */
		D69EB44E2C88DA9D00539D70 /* Build configuration list for PBXProject "SignUpPage" */ = {
			isa = XCConfigurationList;
			buildConfigurations = (
				D69EB4752C88DA9F00539D70 /* Debug */,
				D69EB4762C88DA9F00539D70 /* Release */,
			);
			defaultConfigurationIsVisible = 0;
			defaultConfigurationName = Release;
		};
		D69EB4772C88DA9F00539D70 /* Build configuration list for PBXNativeTarget "SignUpPage" */ = {
			isa = XCConfigurationList;
			buildConfigurations = (
				D69EB4782C88DA9F00539D70 /* Debug */,
				D69EB4792C88DA9F00539D70 /* Release */,
			);
			defaultConfigurationIsVisible = 0;
			defaultConfigurationName = Release;
		};
		D69EB47A2C88DA9F00539D70 /* Build configuration list for PBXNativeTarget "SignUpPageTests" */ = {
			isa = XCConfigurationList;
			buildConfigurations = (
				D69EB47B2C88DA9F00539D70 /* Debug */,
				D69EB47C2C88DA9F00539D70 /* Release */,
			);
			defaultConfigurationIsVisible = 0;
			defaultConfigurationName = Release;
		};
		D69EB47D2C88DA9F00539D70 /* Build configuration list for PBXNativeTarget "SignUpPageUITests" */ = {
			isa = XCConfigurationList;
			buildConfigurations = (
				D69EB47E2C88DA9F00539D70 /* Debug */,
				D69EB47F2C88DA9F00539D70 /* Release */,
			);
			defaultConfigurationIsVisible = 0;
			defaultConfigurationName = Release;
		};
/* End XCConfigurationList section */
	};
	rootObject = D69EB44B2C88DA9D00539D70 /* Project object */;
}
